
Microsoft Visual Studio Solution File, Format Version 12.00
# Visual Studio Version 17
VisualStudioVersion = 17.4.33110.190
MinimumVisualStudioVersion = 10.0.40219.1
Project("{FAE04EC0-301F-11D3-BF4B-00C04F79EFBC}") = "computer-vision", "computer-vision\computer-vision.csproj", "{D6AF3151-FFB4-4750-AFF9-3682BF5154C6}"
EndProject
Global
	GlobalSection(SolutionConfigurationPlatforms) = preSolution
		Debug|Any CPU = Debug|Any CPU
		Release|Any CPU = Release|Any CPU
	EndGlobalSection
	GlobalSection(ProjectConfigurationPlatforms) = postSolution
		{D6AF3151-FFB4-4750-AFF9-3682BF5154C6}.Debug|Any CPU.ActiveCfg = Debug|Any CPU
		{D6AF3151-FFB4-4750-AFF9-3682BF5154C6}.Debug|Any CPU.Build.0 = Debug|Any CPU
		{D6AF3151-FFB4-4750-AFF9-3682BF5154C6}.Release|Any CPU.ActiveCfg = Release|Any CPU
		{D6AF3151-FFB4-4750-AFF9-3682BF5154C6}.Release|Any CPU.Build.0 = Release|Any CPU
	EndGlobalSection
	GlobalSection(SolutionProperties) = preSolution
		HideSolutionNode = FALSE
	EndGlobalSection
	GlobalSection(ExtensibilityGlobals) = postSolution
		SolutionGuid = {80A2A8A1-1A9F-414F-85D3-FD429CE131EB}
	EndGlobalSection
EndGlobal
